
Microsoft Visual Studio Solution File, Format Version 12.00
# Visual Studio 15
VisualStudioVersion = 15.0.26403.7
MinimumVisualStudioVersion = 10.0.40219.1
Project("{FAE04EC0-301F-11D3-BF4B-00C04F79EFBC}") = "YourConfigIsInAnotherCastle.Migrations", "YourConfigIsInAnotherCastle.Migrations\YourConfigIsInAnotherCastle.Migrations.csproj", "{FF8DE8C9-0779-45D4-A89D-881A3406035A}"
EndProject
Project("{FAE04EC0-301F-11D3-BF4B-00C04F79EFBC}") = "YourConfigIsInAnotherCastle.Migrations.Test", "YourConfigIsInAnotherCastle.Migrations.Test\YourConfigIsInAnotherCastle.Migrations.Test.csproj", "{18D5D73F-B5BE-49E6-96B2-D8324E24D880}"
EndProject
Global
	GlobalSection(SolutionConfigurationPlatforms) = preSolution
		Debug|Any CPU = Debug|Any CPU
		Release|Any CPU = Release|Any CPU
	EndGlobalSection
	GlobalSection(ProjectConfigurationPlatforms) = postSolution
		{FF8DE8C9-0779-45D4-A89D-881A3406035A}.Debug|Any CPU.ActiveCfg = Debug|Any CPU
		{FF8DE8C9-0779-45D4-A89D-881A3406035A}.Debug|Any CPU.Build.0 = Debug|Any CPU
		{FF8DE8C9-0779-45D4-A89D-881A3406035A}.Release|Any CPU.ActiveCfg = Release|Any CPU
		{FF8DE8C9-0779-45D4-A89D-881A3406035A}.Release|Any CPU.Build.0 = Release|Any CPU
		{18D5D73F-B5BE-49E6-96B2-D8324E24D880}.Debug|Any CPU.ActiveCfg = Debug|Any CPU
		{18D5D73F-B5BE-49E6-96B2-D8324E24D880}.Debug|Any CPU.Build.0 = Debug|Any CPU
		{18D5D73F-B5BE-49E6-96B2-D8324E24D880}.Release|Any CPU.ActiveCfg = Release|Any CPU
		{18D5D73F-B5BE-49E6-96B2-D8324E24D880}.Release|Any CPU.Build.0 = Release|Any CPU
	EndGlobalSection
	GlobalSection(SolutionProperties) = preSolution
		HideSolutionNode = FALSE
	EndGlobalSection
EndGlobal
