
Microsoft Visual Studio Solution File, Format Version 12.00
# Visual Studio 15
VisualStudioVersion = 15.0.26403.7
MinimumVisualStudioVersion = 10.0.40219.1
Project("{FAE04EC0-301F-11D3-BF4B-00C04F79EFBC}") = "YourConfigIsInAnotherCastle", "YourConfigIsInAnotherCastle\YourConfigIsInAnotherCastle.csproj", "{244D8AE9-FEFC-4753-8E84-B6614A35950E}"
EndProject
Project("{FAE04EC0-301F-11D3-BF4B-00C04F79EFBC}") = "YourConfigIsInAnotherCastle.Test", "YourConfigIsInAnotherCastle.Test\YourConfigIsInAnotherCastle.Test.csproj", "{93963BC2-A117-42B9-8A6B-48943908173C}"
EndProject
Global
	GlobalSection(SolutionConfigurationPlatforms) = preSolution
		Debug|Any CPU = Debug|Any CPU
		Release|Any CPU = Release|Any CPU
	EndGlobalSection
	GlobalSection(ProjectConfigurationPlatforms) = postSolution
		{244D8AE9-FEFC-4753-8E84-B6614A35950E}.Debug|Any CPU.ActiveCfg = Debug|Any CPU
		{244D8AE9-FEFC-4753-8E84-B6614A35950E}.Debug|Any CPU.Build.0 = Debug|Any CPU
		{244D8AE9-FEFC-4753-8E84-B6614A35950E}.Release|Any CPU.ActiveCfg = Release|Any CPU
		{244D8AE9-FEFC-4753-8E84-B6614A35950E}.Release|Any CPU.Build.0 = Release|Any CPU
		{93963BC2-A117-42B9-8A6B-48943908173C}.Debug|Any CPU.ActiveCfg = Debug|Any CPU
		{93963BC2-A117-42B9-8A6B-48943908173C}.Debug|Any CPU.Build.0 = Debug|Any CPU
		{93963BC2-A117-42B9-8A6B-48943908173C}.Release|Any CPU.ActiveCfg = Release|Any CPU
		{93963BC2-A117-42B9-8A6B-48943908173C}.Release|Any CPU.Build.0 = Release|Any CPU
	EndGlobalSection
	GlobalSection(SolutionProperties) = preSolution
		HideSolutionNode = FALSE
	EndGlobalSection
EndGlobal
