
Microsoft Visual Studio Solution File, Format Version 12.00
# Visual Studio 15
VisualStudioVersion = 15.0.26403.7
MinimumVisualStudioVersion = 10.0.40219.1
Project("{FAE04EC0-301F-11D3-BF4B-00C04F79EFBC}") = "YourConfigIsInAnotherCastle.Manage.Service", "YourConfigIsInAnotherCastle.Manage\YourConfigIsInAnotherCastle.Manage.Service\YourConfigIsInAnotherCastle.Manage.Service.csproj", "{120A1695-63B2-4AA3-9FE7-7C1BA90101AF}"
EndProject
Project("{FAE04EC0-301F-11D3-BF4B-00C04F79EFBC}") = "YourConfigIsInAnotherCastle.Manage.Client", "YourConfigIsInAnotherCastle.Manage\YourConfigIsInAnotherCastle.Manage.Client\YourConfigIsInAnotherCastle.Manage.Client.csproj", "{DB5CE479-5B46-4182-8A17-1A9071CE5DA1}"
EndProject
Project("{2150E333-8FDC-42A3-9474-1A3956D46DE8}") = "Nuget_Packages", "Nuget_Packages", "{A958CCD4-0624-466C-83C7-F2B8B6649DE2}"
EndProject
Project("{2150E333-8FDC-42A3-9474-1A3956D46DE8}") = "JQueryClient", "JQueryClient", "{10240CA6-26BB-4F8F-B954-C00647F19D2D}"
	ProjectSection(SolutionItems) = preProject
		YourConfigIsInAnotherCastle.Manage\Nuget_Packages\JQueryClient\YourConfigIsInAnotherCastle.Manage.JQueryClient.0.5.0.nupkg = YourConfigIsInAnotherCastle.Manage\Nuget_Packages\JQueryClient\YourConfigIsInAnotherCastle.Manage.JQueryClient.0.5.0.nupkg
	EndProjectSection
EndProject
Project("{2150E333-8FDC-42A3-9474-1A3956D46DE8}") = "Service", "Service", "{443FD682-6A2B-4B13-A6E1-9473DCA66759}"
	ProjectSection(SolutionItems) = preProject
		YourConfigIsInAnotherCastle.Manage\Nuget_Packages\Service\YourConfigIsInAnotherCastle.Manage.Service.0.5.0.nupkg = YourConfigIsInAnotherCastle.Manage\Nuget_Packages\Service\YourConfigIsInAnotherCastle.Manage.Service.0.5.0.nupkg
	EndProjectSection
EndProject
Global
	GlobalSection(SolutionConfigurationPlatforms) = preSolution
		Debug|Any CPU = Debug|Any CPU
		Release|Any CPU = Release|Any CPU
	EndGlobalSection
	GlobalSection(ProjectConfigurationPlatforms) = postSolution
		{120A1695-63B2-4AA3-9FE7-7C1BA90101AF}.Debug|Any CPU.ActiveCfg = Debug|Any CPU
		{120A1695-63B2-4AA3-9FE7-7C1BA90101AF}.Debug|Any CPU.Build.0 = Debug|Any CPU
		{120A1695-63B2-4AA3-9FE7-7C1BA90101AF}.Release|Any CPU.ActiveCfg = Release|Any CPU
		{120A1695-63B2-4AA3-9FE7-7C1BA90101AF}.Release|Any CPU.Build.0 = Release|Any CPU
		{DB5CE479-5B46-4182-8A17-1A9071CE5DA1}.Debug|Any CPU.ActiveCfg = Debug|Any CPU
		{DB5CE479-5B46-4182-8A17-1A9071CE5DA1}.Debug|Any CPU.Build.0 = Debug|Any CPU
		{DB5CE479-5B46-4182-8A17-1A9071CE5DA1}.Release|Any CPU.ActiveCfg = Release|Any CPU
		{DB5CE479-5B46-4182-8A17-1A9071CE5DA1}.Release|Any CPU.Build.0 = Release|Any CPU
	EndGlobalSection
	GlobalSection(SolutionProperties) = preSolution
		HideSolutionNode = FALSE
	EndGlobalSection
	GlobalSection(NestedProjects) = preSolution
		{10240CA6-26BB-4F8F-B954-C00647F19D2D} = {A958CCD4-0624-466C-83C7-F2B8B6649DE2}
		{443FD682-6A2B-4B13-A6E1-9473DCA66759} = {A958CCD4-0624-466C-83C7-F2B8B6649DE2}
	EndGlobalSection
EndGlobal
